
Microsoft Visual Studio Solution File, Format Version 12.00
Project("{FAE04EC0-301F-11D3-BF4B-00C04F79EFBC}") = "AccounteeApi", "AccounteeApi\AccounteeApi.csproj", "{A4735DB7-B5F2-4CCA-A790-2BCEB4D9C23F}"
EndProject
Global
	GlobalSection(SolutionConfigurationPlatforms) = preSolution
		Debug|Any CPU = Debug|Any CPU
		Release|Any CPU = Release|Any CPU
	EndGlobalSection
	GlobalSection(ProjectConfigurationPlatforms) = postSolution
		{A4735DB7-B5F2-4CCA-A790-2BCEB4D9C23F}.Debug|Any CPU.ActiveCfg = Debug|Any CPU
		{A4735DB7-B5F2-4CCA-A790-2BCEB4D9C23F}.Debug|Any CPU.Build.0 = Debug|Any CPU
		{A4735DB7-B5F2-4CCA-A790-2BCEB4D9C23F}.Release|Any CPU.ActiveCfg = Release|Any CPU
		{A4735DB7-B5F2-4CCA-A790-2BCEB4D9C23F}.Release|Any CPU.Build.0 = Release|Any CPU
	EndGlobalSection
EndGlobal
